
Microsoft Visual Studio Solution File, Format Version 12.00
# Visual Studio Version 17
VisualStudioVersion = 17.3.32728.150
MinimumVisualStudioVersion = 10.0.40219.1
Project("{FAE04EC0-301F-11D3-BF4B-00C04F79EFBC}") = "PowerwallCompanionX.Android", "TeslaX\PowerwallCompanionX.Android\PowerwallCompanionX.Android.csproj", "{E2A2FF02-486F-4E32-B8C9-177F3924CA04}"
EndProject
Project("{9A19103F-16F7-4668-BE54-9A1E7A4F7556}") = "PowerwallCompanionX", "TeslaX\PowerwallCompanionX\PowerwallCompanionX.csproj", "{7709CD9D-3855-4610-9645-29D9565C7D92}"
EndProject
Project("{FAE04EC0-301F-11D3-BF4B-00C04F79EFBC}") = "PowerwallCompanionX.UWP", "TeslaX\PowerwallCompanionX.UWP\PowerwallCompanionX.UWP.csproj", "{79AADA64-DD90-4319-9DE7-EA221BEF5AED}"
EndProject
Project("{FAE04EC0-301F-11D3-BF4B-00C04F79EFBC}") = "PowerwallCompanionX.iOS", "TeslaX\PowerwallCompanionX.iOS\PowerwallCompanionX.iOS.csproj", "{F91B1562-A8BA-460F-BB74-49A88415BC48}"
EndProject
Global
	GlobalSection(SolutionConfigurationPlatforms) = preSolution
		Debug|Any CPU = Debug|Any CPU
		Debug|ARM = Debug|ARM
		Debug|iPhone = Debug|iPhone
		Debug|iPhoneSimulator = Debug|iPhoneSimulator
		Debug|x64 = Debug|x64
		Debug|x86 = Debug|x86
		Release|Any CPU = Release|Any CPU
		Release|ARM = Release|ARM
		Release|iPhone = Release|iPhone
		Release|iPhoneSimulator = Release|iPhoneSimulator
		Release|x64 = Release|x64
		Release|x86 = Release|x86
	EndGlobalSection
	GlobalSection(ProjectConfigurationPlatforms) = postSolution
		{E2A2FF02-486F-4E32-B8C9-177F3924CA04}.Debug|Any CPU.ActiveCfg = Debug|Any CPU
		{E2A2FF02-486F-4E32-B8C9-177F3924CA04}.Debug|Any CPU.Build.0 = Debug|Any CPU
		{E2A2FF02-486F-4E32-B8C9-177F3924CA04}.Debug|Any CPU.Deploy.0 = Debug|Any CPU
		{E2A2FF02-486F-4E32-B8C9-177F3924CA04}.Debug|ARM.ActiveCfg = Debug|Any CPU
		{E2A2FF02-486F-4E32-B8C9-177F3924CA04}.Debug|ARM.Build.0 = Debug|Any CPU
		{E2A2FF02-486F-4E32-B8C9-177F3924CA04}.Debug|ARM.Deploy.0 = Debug|Any CPU
		{E2A2FF02-486F-4E32-B8C9-177F3924CA04}.Debug|iPhone.ActiveCfg = Debug|Any CPU
		{E2A2FF02-486F-4E32-B8C9-177F3924CA04}.Debug|iPhone.Build.0 = Debug|Any CPU
		{E2A2FF02-486F-4E32-B8C9-177F3924CA04}.Debug|iPhone.Deploy.0 = Debug|Any CPU
		{E2A2FF02-486F-4E32-B8C9-177F3924CA04}.Debug|iPhoneSimulator.ActiveCfg = Debug|Any CPU
		{E2A2FF02-486F-4E32-B8C9-177F3924CA04}.Debug|iPhoneSimulator.Build.0 = Debug|Any CPU
		{E2A2FF02-486F-4E32-B8C9-177F3924CA04}.Debug|iPhoneSimulator.Deploy.0 = Debug|Any CPU
		{E2A2FF02-486F-4E32-B8C9-177F3924CA04}.Debug|x64.ActiveCfg = Debug|Any CPU
		{E2A2FF02-486F-4E32-B8C9-177F3924CA04}.Debug|x64.Build.0 = Debug|Any CPU
		{E2A2FF02-486F-4E32-B8C9-177F3924CA04}.Debug|x64.Deploy.0 = Debug|Any CPU
		{E2A2FF02-486F-4E32-B8C9-177F3924CA04}.Debug|x86.ActiveCfg = Debug|Any CPU
		{E2A2FF02-486F-4E32-B8C9-177F3924CA04}.Debug|x86.Build.0 = Debug|Any CPU
		{E2A2FF02-486F-4E32-B8C9-177F3924CA04}.Debug|x86.Deploy.0 = Debug|Any CPU
		{E2A2FF02-486F-4E32-B8C9-177F3924CA04}.Release|Any CPU.ActiveCfg = Release|Any CPU
		{E2A2FF02-486F-4E32-B8C9-177F3924CA04}.Release|Any CPU.Build.0 = Release|Any CPU
		{E2A2FF02-486F-4E32-B8C9-177F3924CA04}.Release|Any CPU.Deploy.0 = Release|Any CPU
		{E2A2FF02-486F-4E32-B8C9-177F3924CA04}.Release|ARM.ActiveCfg = Release|Any CPU
		{E2A2FF02-486F-4E32-B8C9-177F3924CA04}.Release|ARM.Build.0 = Release|Any CPU
		{E2A2FF02-486F-4E32-B8C9-177F3924CA04}.Release|ARM.Deploy.0 = Release|Any CPU
		{E2A2FF02-486F-4E32-B8C9-177F3924CA04}.Release|iPhone.ActiveCfg = Release|Any CPU
		{E2A2FF02-486F-4E32-B8C9-177F3924CA04}.Release|iPhone.Build.0 = Release|Any CPU
		{E2A2FF02-486F-4E32-B8C9-177F3924CA04}.Release|iPhone.Deploy.0 = Release|Any CPU
		{E2A2FF02-486F-4E32-B8C9-177F3924CA04}.Release|iPhoneSimulator.ActiveCfg = Release|Any CPU
		{E2A2FF02-486F-4E32-B8C9-177F3924CA04}.Release|iPhoneSimulator.Build.0 = Release|Any CPU
		{E2A2FF02-486F-4E32-B8C9-177F3924CA04}.Release|iPhoneSimulator.Deploy.0 = Release|Any CPU
		{E2A2FF02-486F-4E32-B8C9-177F3924CA04}.Release|x64.ActiveCfg = Release|Any CPU
		{E2A2FF02-486F-4E32-B8C9-177F3924CA04}.Release|x64.Build.0 = Release|Any CPU
		{E2A2FF02-486F-4E32-B8C9-177F3924CA04}.Release|x64.Deploy.0 = Release|Any CPU
		{E2A2FF02-486F-4E32-B8C9-177F3924CA04}.Release|x86.ActiveCfg = Release|Any CPU
		{E2A2FF02-486F-4E32-B8C9-177F3924CA04}.Release|x86.Build.0 = Release|Any CPU
		{E2A2FF02-486F-4E32-B8C9-177F3924CA04}.Release|x86.Deploy.0 = Release|Any CPU
		{7709CD9D-3855-4610-9645-29D9565C7D92}.Debug|Any CPU.ActiveCfg = Debug|Any CPU
		{7709CD9D-3855-4610-9645-29D9565C7D92}.Debug|Any CPU.Build.0 = Debug|Any CPU
		{7709CD9D-3855-4610-9645-29D9565C7D92}.Debug|Any CPU.Deploy.0 = Debug|Any CPU
		{7709CD9D-3855-4610-9645-29D9565C7D92}.Debug|ARM.ActiveCfg = Debug|Any CPU
		{7709CD9D-3855-4610-9645-29D9565C7D92}.Debug|ARM.Build.0 = Debug|Any CPU
		{7709CD9D-3855-4610-9645-29D9565C7D92}.Debug|iPhone.ActiveCfg = Debug|Any CPU
		{7709CD9D-3855-4610-9645-29D9565C7D92}.Debug|iPhone.Build.0 = Debug|Any CPU
		{7709CD9D-3855-4610-9645-29D9565C7D92}.Debug|iPhoneSimulator.ActiveCfg = Debug|Any CPU
		{7709CD9D-3855-4610-9645-29D9565C7D92}.Debug|iPhoneSimulator.Build.0 = Debug|Any CPU
		{7709CD9D-3855-4610-9645-29D9565C7D92}.Debug|x64.ActiveCfg = Debug|Any CPU
		{7709CD9D-3855-4610-9645-29D9565C7D92}.Debug|x64.Build.0 = Debug|Any CPU
		{7709CD9D-3855-4610-9645-29D9565C7D92}.Debug|x86.ActiveCfg = Debug|Any CPU
		{7709CD9D-3855-4610-9645-29D9565C7D92}.Debug|x86.Build.0 = Debug|Any CPU
		{7709CD9D-3855-4610-9645-29D9565C7D92}.Release|Any CPU.ActiveCfg = Release|Any CPU
		{7709CD9D-3855-4610-9645-29D9565C7D92}.Release|Any CPU.Build.0 = Release|Any CPU
		{7709CD9D-3855-4610-9645-29D9565C7D92}.Release|Any CPU.Deploy.0 = Release|Any CPU
		{7709CD9D-3855-4610-9645-29D9565C7D92}.Release|ARM.ActiveCfg = Release|Any CPU
		{7709CD9D-3855-4610-9645-29D9565C7D92}.Release|ARM.Build.0 = Release|Any CPU
		{7709CD9D-3855-4610-9645-29D9565C7D92}.Release|iPhone.ActiveCfg = Release|Any CPU
		{7709CD9D-3855-4610-9645-29D9565C7D92}.Release|iPhone.Build.0 = Release|Any CPU
		{7709CD9D-3855-4610-9645-29D9565C7D92}.Release|iPhoneSimulator.ActiveCfg = Release|Any CPU
		{7709CD9D-3855-4610-9645-29D9565C7D92}.Release|iPhoneSimulator.Build.0 = Release|Any CPU
		{7709CD9D-3855-4610-9645-29D9565C7D92}.Release|x64.ActiveCfg = Release|Any CPU
		{7709CD9D-3855-4610-9645-29D9565C7D92}.Release|x64.Build.0 = Release|Any CPU
		{7709CD9D-3855-4610-9645-29D9565C7D92}.Release|x86.ActiveCfg = Release|Any CPU
		{7709CD9D-3855-4610-9645-29D9565C7D92}.Release|x86.Build.0 = Release|Any CPU
		{79AADA64-DD90-4319-9DE7-EA221BEF5AED}.Debug|Any CPU.ActiveCfg = Debug|x64
		{79AADA64-DD90-4319-9DE7-EA221BEF5AED}.Debug|Any CPU.Build.0 = Debug|x64
		{79AADA64-DD90-4319-9DE7-EA221BEF5AED}.Debug|Any CPU.Deploy.0 = Debug|x64
		{79AADA64-DD90-4319-9DE7-EA221BEF5AED}.Debug|ARM.ActiveCfg = Debug|ARM
		{79AADA64-DD90-4319-9DE7-EA221BEF5AED}.Debug|ARM.Build.0 = Debug|ARM
		{79AADA64-DD90-4319-9DE7-EA221BEF5AED}.Debug|ARM.Deploy.0 = Debug|ARM
		{79AADA64-DD90-4319-9DE7-EA221BEF5AED}.Debug|iPhone.ActiveCfg = Debug|x64
		{79AADA64-DD90-4319-9DE7-EA221BEF5AED}.Debug|iPhone.Build.0 = Debug|x64
		{79AADA64-DD90-4319-9DE7-EA221BEF5AED}.Debug|iPhone.Deploy.0 = Debug|x64
		{79AADA64-DD90-4319-9DE7-EA221BEF5AED}.Debug|iPhoneSimulator.ActiveCfg = Debug|x64
		{79AADA64-DD90-4319-9DE7-EA221BEF5AED}.Debug|iPhoneSimulator.Build.0 = Debug|x64
		{79AADA64-DD90-4319-9DE7-EA221BEF5AED}.Debug|iPhoneSimulator.Deploy.0 = Debug|x64
		{79AADA64-DD90-4319-9DE7-EA221BEF5AED}.Debug|x64.ActiveCfg = Debug|x64
		{79AADA64-DD90-4319-9DE7-EA221BEF5AED}.Debug|x64.Build.0 = Debug|x64
		{79AADA64-DD90-4319-9DE7-EA221BEF5AED}.Debug|x64.Deploy.0 = Debug|x64
		{79AADA64-DD90-4319-9DE7-EA221BEF5AED}.Debug|x86.ActiveCfg = Debug|x86
		{79AADA64-DD90-4319-9DE7-EA221BEF5AED}.Debug|x86.Build.0 = Debug|x86
		{79AADA64-DD90-4319-9DE7-EA221BEF5AED}.Debug|x86.Deploy.0 = Debug|x86
		{79AADA64-DD90-4319-9DE7-EA221BEF5AED}.Release|Any CPU.ActiveCfg = Release|x64
		{79AADA64-DD90-4319-9DE7-EA221BEF5AED}.Release|Any CPU.Build.0 = Release|x64
		{79AADA64-DD90-4319-9DE7-EA221BEF5AED}.Release|Any CPU.Deploy.0 = Release|x64
		{79AADA64-DD90-4319-9DE7-EA221BEF5AED}.Release|ARM.ActiveCfg = Release|ARM
		{79AADA64-DD90-4319-9DE7-EA221BEF5AED}.Release|ARM.Build.0 = Release|ARM
		{79AADA64-DD90-4319-9DE7-EA221BEF5AED}.Release|ARM.Deploy.0 = Release|ARM
		{79AADA64-DD90-4319-9DE7-EA221BEF5AED}.Release|iPhone.ActiveCfg = Release|x64
		{79AADA64-DD90-4319-9DE7-EA221BEF5AED}.Release|iPhone.Build.0 = Release|x64
		{79AADA64-DD90-4319-9DE7-EA221BEF5AED}.Release|iPhone.Deploy.0 = Release|x64
		{79AADA64-DD90-4319-9DE7-EA221BEF5AED}.Release|iPhoneSimulator.ActiveCfg = Release|x64
		{79AADA64-DD90-4319-9DE7-EA221BEF5AED}.Release|iPhoneSimulator.Build.0 = Release|x64
		{79AADA64-DD90-4319-9DE7-EA221BEF5AED}.Release|iPhoneSimulator.Deploy.0 = Release|x64
		{79AADA64-DD90-4319-9DE7-EA221BEF5AED}.Release|x64.ActiveCfg = Release|x64
		{79AADA64-DD90-4319-9DE7-EA221BEF5AED}.Release|x64.Build.0 = Release|x64
		{79AADA64-DD90-4319-9DE7-EA221BEF5AED}.Release|x64.Deploy.0 = Release|x64
		{79AADA64-DD90-4319-9DE7-EA221BEF5AED}.Release|x86.ActiveCfg = Release|x86
		{79AADA64-DD90-4319-9DE7-EA221BEF5AED}.Release|x86.Build.0 = Release|x86
		{79AADA64-DD90-4319-9DE7-EA221BEF5AED}.Release|x86.Deploy.0 = Release|x86
		{F91B1562-A8BA-460F-BB74-49A88415BC48}.Debug|Any CPU.ActiveCfg = Debug|iPhoneSimulator
		{F91B1562-A8BA-460F-BB74-49A88415BC48}.Debug|Any CPU.Build.0 = Debug|iPhoneSimulator
		{F91B1562-A8BA-460F-BB74-49A88415BC48}.Debug|ARM.ActiveCfg = Debug|iPhoneSimulator
		{F91B1562-A8BA-460F-BB74-49A88415BC48}.Debug|ARM.Build.0 = Debug|iPhoneSimulator
		{F91B1562-A8BA-460F-BB74-49A88415BC48}.Debug|iPhone.ActiveCfg = Debug|iPhone
		{F91B1562-A8BA-460F-BB74-49A88415BC48}.Debug|iPhone.Build.0 = Debug|iPhone
		{F91B1562-A8BA-460F-BB74-49A88415BC48}.Debug|iPhoneSimulator.ActiveCfg = Debug|iPhoneSimulator
		{F91B1562-A8BA-460F-BB74-49A88415BC48}.Debug|iPhoneSimulator.Build.0 = Debug|iPhoneSimulator
		{F91B1562-A8BA-460F-BB74-49A88415BC48}.Debug|x64.ActiveCfg = Debug|iPhoneSimulator
		{F91B1562-A8BA-460F-BB74-49A88415BC48}.Debug|x64.Build.0 = Debug|iPhoneSimulator
		{F91B1562-A8BA-460F-BB74-49A88415BC48}.Debug|x86.ActiveCfg = Debug|iPhoneSimulator
		{F91B1562-A8BA-460F-BB74-49A88415BC48}.Debug|x86.Build.0 = Debug|iPhoneSimulator
		{F91B1562-A8BA-460F-BB74-49A88415BC48}.Release|Any CPU.ActiveCfg = Release|iPhoneSimulator
		{F91B1562-A8BA-460F-BB74-49A88415BC48}.Release|Any CPU.Build.0 = Release|iPhoneSimulator
		{F91B1562-A8BA-460F-BB74-49A88415BC48}.Release|ARM.ActiveCfg = Release|iPhoneSimulator
		{F91B1562-A8BA-460F-BB74-49A88415BC48}.Release|ARM.Build.0 = Release|iPhoneSimulator
		{F91B1562-A8BA-460F-BB74-49A88415BC48}.Release|iPhone.ActiveCfg = Release|iPhone
		{F91B1562-A8BA-460F-BB74-49A88415BC48}.Release|iPhone.Build.0 = Release|iPhone
		{F91B1562-A8BA-460F-BB74-49A88415BC48}.Release|iPhoneSimulator.ActiveCfg = Release|iPhoneSimulator
		{F91B1562-A8BA-460F-BB74-49A88415BC48}.Release|iPhoneSimulator.Build.0 = Release|iPhoneSimulator
		{F91B1562-A8BA-460F-BB74-49A88415BC48}.Release|x64.ActiveCfg = Release|iPhoneSimulator
		{F91B1562-A8BA-460F-BB74-49A88415BC48}.Release|x64.Build.0 = Release|iPhoneSimulator
		{F91B1562-A8BA-460F-BB74-49A88415BC48}.Release|x86.ActiveCfg = Release|iPhoneSimulator
		{F91B1562-A8BA-460F-BB74-49A88415BC48}.Release|x86.Build.0 = Release|iPhoneSimulator
	EndGlobalSection
	GlobalSection(SolutionProperties) = preSolution
		HideSolutionNode = FALSE
	EndGlobalSection
	GlobalSection(ExtensibilityGlobals) = postSolution
		SolutionGuid = {BC396DD5-7A0D-4384-8CD3-29C6AF53C7AA}
	EndGlobalSection
EndGlobal
