
Microsoft Visual Studio Solution File, Format Version 12.00
# Visual Studio Version 17
VisualStudioVersion = 17.3.32728.150
MinimumVisualStudioVersion = 10.0.40219.1
Project("{FAE04EC0-301F-11D3-BF4B-00C04F79EFBC}") = "TeslaX.UWP", "TeslaX\TeslaX.UWP\TeslaX.UWP.csproj", "{0532B103-E201-4099-88B5-A3B60D9BFAD0}"
EndProject
Project("{FAE04EC0-301F-11D3-BF4B-00C04F79EFBC}") = "TeslaX.Android", "TeslaX\TeslaX.Android\TeslaX.Android.csproj", "{EB1F7EF4-A2B0-473E-A956-7D48C5B340AC}"
EndProject
Project("{FAE04EC0-301F-11D3-BF4B-00C04F79EFBC}") = "TeslaX.iOS", "TeslaX\TeslaX.iOS\TeslaX.iOS.csproj", "{AAC5830C-C1C7-4AF7-95AC-3B56A9DCEFE4}"
EndProject
Project("{FAE04EC0-301F-11D3-BF4B-00C04F79EFBC}") = "TeslaX", "TeslaX\TeslaX\TeslaX.csproj", "{B132D0D9-2064-4460-9019-F4E6F8ECE87C}"
EndProject
Project("{9A19103F-16F7-4668-BE54-9A1E7A4F7556}") = "TeslaAPI", "TeslaX\TeslaAPI\TeslaAPI.csproj", "{05AB529E-87C4-4FAC-AD26-7F6208897153}"
EndProject
Global
	GlobalSection(SolutionConfigurationPlatforms) = preSolution
		Debug|Any CPU = Debug|Any CPU
		Debug|ARM = Debug|ARM
		Debug|iPhone = Debug|iPhone
		Debug|iPhoneSimulator = Debug|iPhoneSimulator
		Debug|x64 = Debug|x64
		Debug|x86 = Debug|x86
		Release|Any CPU = Release|Any CPU
		Release|ARM = Release|ARM
		Release|iPhone = Release|iPhone
		Release|iPhoneSimulator = Release|iPhoneSimulator
		Release|x64 = Release|x64
		Release|x86 = Release|x86
	EndGlobalSection
	GlobalSection(ProjectConfigurationPlatforms) = postSolution
		{0532B103-E201-4099-88B5-A3B60D9BFAD0}.Debug|Any CPU.ActiveCfg = Debug|x64
		{0532B103-E201-4099-88B5-A3B60D9BFAD0}.Debug|Any CPU.Build.0 = Debug|x64
		{0532B103-E201-4099-88B5-A3B60D9BFAD0}.Debug|Any CPU.Deploy.0 = Debug|x64
		{0532B103-E201-4099-88B5-A3B60D9BFAD0}.Debug|ARM.ActiveCfg = Debug|ARM
		{0532B103-E201-4099-88B5-A3B60D9BFAD0}.Debug|ARM.Build.0 = Debug|ARM
		{0532B103-E201-4099-88B5-A3B60D9BFAD0}.Debug|ARM.Deploy.0 = Debug|ARM
		{0532B103-E201-4099-88B5-A3B60D9BFAD0}.Debug|iPhone.ActiveCfg = Debug|x64
		{0532B103-E201-4099-88B5-A3B60D9BFAD0}.Debug|iPhone.Build.0 = Debug|x64
		{0532B103-E201-4099-88B5-A3B60D9BFAD0}.Debug|iPhone.Deploy.0 = Debug|x64
		{0532B103-E201-4099-88B5-A3B60D9BFAD0}.Debug|iPhoneSimulator.ActiveCfg = Debug|x64
		{0532B103-E201-4099-88B5-A3B60D9BFAD0}.Debug|iPhoneSimulator.Build.0 = Debug|x64
		{0532B103-E201-4099-88B5-A3B60D9BFAD0}.Debug|iPhoneSimulator.Deploy.0 = Debug|x64
		{0532B103-E201-4099-88B5-A3B60D9BFAD0}.Debug|x64.ActiveCfg = Debug|x64
		{0532B103-E201-4099-88B5-A3B60D9BFAD0}.Debug|x64.Build.0 = Debug|x64
		{0532B103-E201-4099-88B5-A3B60D9BFAD0}.Debug|x64.Deploy.0 = Debug|x64
		{0532B103-E201-4099-88B5-A3B60D9BFAD0}.Debug|x86.ActiveCfg = Debug|x86
		{0532B103-E201-4099-88B5-A3B60D9BFAD0}.Debug|x86.Build.0 = Debug|x86
		{0532B103-E201-4099-88B5-A3B60D9BFAD0}.Debug|x86.Deploy.0 = Debug|x86
		{0532B103-E201-4099-88B5-A3B60D9BFAD0}.Release|Any CPU.ActiveCfg = Release|x64
		{0532B103-E201-4099-88B5-A3B60D9BFAD0}.Release|Any CPU.Build.0 = Release|x64
		{0532B103-E201-4099-88B5-A3B60D9BFAD0}.Release|Any CPU.Deploy.0 = Release|x64
		{0532B103-E201-4099-88B5-A3B60D9BFAD0}.Release|ARM.ActiveCfg = Release|ARM
		{0532B103-E201-4099-88B5-A3B60D9BFAD0}.Release|ARM.Build.0 = Release|ARM
		{0532B103-E201-4099-88B5-A3B60D9BFAD0}.Release|ARM.Deploy.0 = Release|ARM
		{0532B103-E201-4099-88B5-A3B60D9BFAD0}.Release|iPhone.ActiveCfg = Release|x64
		{0532B103-E201-4099-88B5-A3B60D9BFAD0}.Release|iPhone.Build.0 = Release|x64
		{0532B103-E201-4099-88B5-A3B60D9BFAD0}.Release|iPhone.Deploy.0 = Release|x64
		{0532B103-E201-4099-88B5-A3B60D9BFAD0}.Release|iPhoneSimulator.ActiveCfg = Release|x64
		{0532B103-E201-4099-88B5-A3B60D9BFAD0}.Release|iPhoneSimulator.Build.0 = Release|x64
		{0532B103-E201-4099-88B5-A3B60D9BFAD0}.Release|iPhoneSimulator.Deploy.0 = Release|x64
		{0532B103-E201-4099-88B5-A3B60D9BFAD0}.Release|x64.ActiveCfg = Release|x64
		{0532B103-E201-4099-88B5-A3B60D9BFAD0}.Release|x64.Build.0 = Release|x64
		{0532B103-E201-4099-88B5-A3B60D9BFAD0}.Release|x64.Deploy.0 = Release|x64
		{0532B103-E201-4099-88B5-A3B60D9BFAD0}.Release|x86.ActiveCfg = Release|x86
		{0532B103-E201-4099-88B5-A3B60D9BFAD0}.Release|x86.Build.0 = Release|x86
		{0532B103-E201-4099-88B5-A3B60D9BFAD0}.Release|x86.Deploy.0 = Release|x86
		{EB1F7EF4-A2B0-473E-A956-7D48C5B340AC}.Debug|Any CPU.ActiveCfg = Debug|Any CPU
		{EB1F7EF4-A2B0-473E-A956-7D48C5B340AC}.Debug|Any CPU.Build.0 = Debug|Any CPU
		{EB1F7EF4-A2B0-473E-A956-7D48C5B340AC}.Debug|Any CPU.Deploy.0 = Debug|Any CPU
		{EB1F7EF4-A2B0-473E-A956-7D48C5B340AC}.Debug|ARM.ActiveCfg = Debug|Any CPU
		{EB1F7EF4-A2B0-473E-A956-7D48C5B340AC}.Debug|ARM.Build.0 = Debug|Any CPU
		{EB1F7EF4-A2B0-473E-A956-7D48C5B340AC}.Debug|ARM.Deploy.0 = Debug|Any CPU
		{EB1F7EF4-A2B0-473E-A956-7D48C5B340AC}.Debug|iPhone.ActiveCfg = Debug|Any CPU
		{EB1F7EF4-A2B0-473E-A956-7D48C5B340AC}.Debug|iPhone.Build.0 = Debug|Any CPU
		{EB1F7EF4-A2B0-473E-A956-7D48C5B340AC}.Debug|iPhone.Deploy.0 = Debug|Any CPU
		{EB1F7EF4-A2B0-473E-A956-7D48C5B340AC}.Debug|iPhoneSimulator.ActiveCfg = Debug|Any CPU
		{EB1F7EF4-A2B0-473E-A956-7D48C5B340AC}.Debug|iPhoneSimulator.Build.0 = Debug|Any CPU
		{EB1F7EF4-A2B0-473E-A956-7D48C5B340AC}.Debug|iPhoneSimulator.Deploy.0 = Debug|Any CPU
		{EB1F7EF4-A2B0-473E-A956-7D48C5B340AC}.Debug|x64.ActiveCfg = Debug|Any CPU
		{EB1F7EF4-A2B0-473E-A956-7D48C5B340AC}.Debug|x64.Build.0 = Debug|Any CPU
		{EB1F7EF4-A2B0-473E-A956-7D48C5B340AC}.Debug|x64.Deploy.0 = Debug|Any CPU
		{EB1F7EF4-A2B0-473E-A956-7D48C5B340AC}.Debug|x86.ActiveCfg = Debug|Any CPU
		{EB1F7EF4-A2B0-473E-A956-7D48C5B340AC}.Debug|x86.Build.0 = Debug|Any CPU
		{EB1F7EF4-A2B0-473E-A956-7D48C5B340AC}.Debug|x86.Deploy.0 = Debug|Any CPU
		{EB1F7EF4-A2B0-473E-A956-7D48C5B340AC}.Release|Any CPU.ActiveCfg = Release|Any CPU
		{EB1F7EF4-A2B0-473E-A956-7D48C5B340AC}.Release|Any CPU.Build.0 = Release|Any CPU
		{EB1F7EF4-A2B0-473E-A956-7D48C5B340AC}.Release|Any CPU.Deploy.0 = Release|Any CPU
		{EB1F7EF4-A2B0-473E-A956-7D48C5B340AC}.Release|ARM.ActiveCfg = Release|Any CPU
		{EB1F7EF4-A2B0-473E-A956-7D48C5B340AC}.Release|ARM.Build.0 = Release|Any CPU
		{EB1F7EF4-A2B0-473E-A956-7D48C5B340AC}.Release|ARM.Deploy.0 = Release|Any CPU
		{EB1F7EF4-A2B0-473E-A956-7D48C5B340AC}.Release|iPhone.ActiveCfg = Release|Any CPU
		{EB1F7EF4-A2B0-473E-A956-7D48C5B340AC}.Release|iPhone.Build.0 = Release|Any CPU
		{EB1F7EF4-A2B0-473E-A956-7D48C5B340AC}.Release|iPhone.Deploy.0 = Release|Any CPU
		{EB1F7EF4-A2B0-473E-A956-7D48C5B340AC}.Release|iPhoneSimulator.ActiveCfg = Release|Any CPU
		{EB1F7EF4-A2B0-473E-A956-7D48C5B340AC}.Release|iPhoneSimulator.Build.0 = Release|Any CPU
		{EB1F7EF4-A2B0-473E-A956-7D48C5B340AC}.Release|iPhoneSimulator.Deploy.0 = Release|Any CPU
		{EB1F7EF4-A2B0-473E-A956-7D48C5B340AC}.Release|x64.ActiveCfg = Release|Any CPU
		{EB1F7EF4-A2B0-473E-A956-7D48C5B340AC}.Release|x64.Build.0 = Release|Any CPU
		{EB1F7EF4-A2B0-473E-A956-7D48C5B340AC}.Release|x64.Deploy.0 = Release|Any CPU
		{EB1F7EF4-A2B0-473E-A956-7D48C5B340AC}.Release|x86.ActiveCfg = Release|Any CPU
		{EB1F7EF4-A2B0-473E-A956-7D48C5B340AC}.Release|x86.Build.0 = Release|Any CPU
		{EB1F7EF4-A2B0-473E-A956-7D48C5B340AC}.Release|x86.Deploy.0 = Release|Any CPU
		{AAC5830C-C1C7-4AF7-95AC-3B56A9DCEFE4}.Debug|Any CPU.ActiveCfg = Debug|iPhoneSimulator
		{AAC5830C-C1C7-4AF7-95AC-3B56A9DCEFE4}.Debug|Any CPU.Build.0 = Debug|iPhoneSimulator
		{AAC5830C-C1C7-4AF7-95AC-3B56A9DCEFE4}.Debug|Any CPU.Deploy.0 = Debug|iPhoneSimulator
		{AAC5830C-C1C7-4AF7-95AC-3B56A9DCEFE4}.Debug|ARM.ActiveCfg = Debug|iPhoneSimulator
		{AAC5830C-C1C7-4AF7-95AC-3B56A9DCEFE4}.Debug|ARM.Build.0 = Debug|iPhoneSimulator
		{AAC5830C-C1C7-4AF7-95AC-3B56A9DCEFE4}.Debug|ARM.Deploy.0 = Debug|iPhoneSimulator
		{AAC5830C-C1C7-4AF7-95AC-3B56A9DCEFE4}.Debug|iPhone.ActiveCfg = Debug|iPhone
		{AAC5830C-C1C7-4AF7-95AC-3B56A9DCEFE4}.Debug|iPhone.Build.0 = Debug|iPhone
		{AAC5830C-C1C7-4AF7-95AC-3B56A9DCEFE4}.Debug|iPhone.Deploy.0 = Debug|iPhone
		{AAC5830C-C1C7-4AF7-95AC-3B56A9DCEFE4}.Debug|iPhoneSimulator.ActiveCfg = Debug|iPhoneSimulator
		{AAC5830C-C1C7-4AF7-95AC-3B56A9DCEFE4}.Debug|iPhoneSimulator.Build.0 = Debug|iPhoneSimulator
		{AAC5830C-C1C7-4AF7-95AC-3B56A9DCEFE4}.Debug|iPhoneSimulator.Deploy.0 = Debug|iPhoneSimulator
		{AAC5830C-C1C7-4AF7-95AC-3B56A9DCEFE4}.Debug|x64.ActiveCfg = Debug|iPhone
		{AAC5830C-C1C7-4AF7-95AC-3B56A9DCEFE4}.Debug|x64.Build.0 = Debug|iPhone
		{AAC5830C-C1C7-4AF7-95AC-3B56A9DCEFE4}.Debug|x64.Deploy.0 = Debug|iPhone
		{AAC5830C-C1C7-4AF7-95AC-3B56A9DCEFE4}.Debug|x86.ActiveCfg = Debug|iPhoneSimulator
		{AAC5830C-C1C7-4AF7-95AC-3B56A9DCEFE4}.Debug|x86.Build.0 = Debug|iPhoneSimulator
		{AAC5830C-C1C7-4AF7-95AC-3B56A9DCEFE4}.Debug|x86.Deploy.0 = Debug|iPhoneSimulator
		{AAC5830C-C1C7-4AF7-95AC-3B56A9DCEFE4}.Release|Any CPU.ActiveCfg = Release|iPhoneSimulator
		{AAC5830C-C1C7-4AF7-95AC-3B56A9DCEFE4}.Release|Any CPU.Build.0 = Release|iPhoneSimulator
		{AAC5830C-C1C7-4AF7-95AC-3B56A9DCEFE4}.Release|Any CPU.Deploy.0 = Release|iPhoneSimulator
		{AAC5830C-C1C7-4AF7-95AC-3B56A9DCEFE4}.Release|ARM.ActiveCfg = Release|iPhoneSimulator
		{AAC5830C-C1C7-4AF7-95AC-3B56A9DCEFE4}.Release|ARM.Build.0 = Release|iPhoneSimulator
		{AAC5830C-C1C7-4AF7-95AC-3B56A9DCEFE4}.Release|ARM.Deploy.0 = Release|iPhoneSimulator
		{AAC5830C-C1C7-4AF7-95AC-3B56A9DCEFE4}.Release|iPhone.ActiveCfg = Release|iPhone
		{AAC5830C-C1C7-4AF7-95AC-3B56A9DCEFE4}.Release|iPhone.Build.0 = Release|iPhone
		{AAC5830C-C1C7-4AF7-95AC-3B56A9DCEFE4}.Release|iPhone.Deploy.0 = Release|iPhone
		{AAC5830C-C1C7-4AF7-95AC-3B56A9DCEFE4}.Release|iPhoneSimulator.ActiveCfg = Release|iPhoneSimulator
		{AAC5830C-C1C7-4AF7-95AC-3B56A9DCEFE4}.Release|iPhoneSimulator.Build.0 = Release|iPhoneSimulator
		{AAC5830C-C1C7-4AF7-95AC-3B56A9DCEFE4}.Release|iPhoneSimulator.Deploy.0 = Release|iPhoneSimulator
		{AAC5830C-C1C7-4AF7-95AC-3B56A9DCEFE4}.Release|x64.ActiveCfg = Release|iPhoneSimulator
		{AAC5830C-C1C7-4AF7-95AC-3B56A9DCEFE4}.Release|x64.Build.0 = Release|iPhoneSimulator
		{AAC5830C-C1C7-4AF7-95AC-3B56A9DCEFE4}.Release|x64.Deploy.0 = Release|iPhoneSimulator
		{AAC5830C-C1C7-4AF7-95AC-3B56A9DCEFE4}.Release|x86.ActiveCfg = Release|iPhoneSimulator
		{AAC5830C-C1C7-4AF7-95AC-3B56A9DCEFE4}.Release|x86.Build.0 = Release|iPhoneSimulator
		{AAC5830C-C1C7-4AF7-95AC-3B56A9DCEFE4}.Release|x86.Deploy.0 = Release|iPhoneSimulator
		{B132D0D9-2064-4460-9019-F4E6F8ECE87C}.Debug|Any CPU.ActiveCfg = Debug|Any CPU
		{B132D0D9-2064-4460-9019-F4E6F8ECE87C}.Debug|Any CPU.Build.0 = Debug|Any CPU
		{B132D0D9-2064-4460-9019-F4E6F8ECE87C}.Debug|Any CPU.Deploy.0 = Debug|Any CPU
		{B132D0D9-2064-4460-9019-F4E6F8ECE87C}.Debug|ARM.ActiveCfg = Debug|Any CPU
		{B132D0D9-2064-4460-9019-F4E6F8ECE87C}.Debug|ARM.Build.0 = Debug|Any CPU
		{B132D0D9-2064-4460-9019-F4E6F8ECE87C}.Debug|ARM.Deploy.0 = Debug|Any CPU
		{B132D0D9-2064-4460-9019-F4E6F8ECE87C}.Debug|iPhone.ActiveCfg = Debug|Any CPU
		{B132D0D9-2064-4460-9019-F4E6F8ECE87C}.Debug|iPhone.Build.0 = Debug|Any CPU
		{B132D0D9-2064-4460-9019-F4E6F8ECE87C}.Debug|iPhone.Deploy.0 = Debug|Any CPU
		{B132D0D9-2064-4460-9019-F4E6F8ECE87C}.Debug|iPhoneSimulator.ActiveCfg = Debug|Any CPU
		{B132D0D9-2064-4460-9019-F4E6F8ECE87C}.Debug|iPhoneSimulator.Build.0 = Debug|Any CPU
		{B132D0D9-2064-4460-9019-F4E6F8ECE87C}.Debug|iPhoneSimulator.Deploy.0 = Debug|Any CPU
		{B132D0D9-2064-4460-9019-F4E6F8ECE87C}.Debug|x64.ActiveCfg = Debug|Any CPU
		{B132D0D9-2064-4460-9019-F4E6F8ECE87C}.Debug|x64.Build.0 = Debug|Any CPU
		{B132D0D9-2064-4460-9019-F4E6F8ECE87C}.Debug|x64.Deploy.0 = Debug|Any CPU
		{B132D0D9-2064-4460-9019-F4E6F8ECE87C}.Debug|x86.ActiveCfg = Debug|Any CPU
		{B132D0D9-2064-4460-9019-F4E6F8ECE87C}.Debug|x86.Build.0 = Debug|Any CPU
		{B132D0D9-2064-4460-9019-F4E6F8ECE87C}.Debug|x86.Deploy.0 = Debug|Any CPU
		{B132D0D9-2064-4460-9019-F4E6F8ECE87C}.Release|Any CPU.ActiveCfg = Release|Any CPU
		{B132D0D9-2064-4460-9019-F4E6F8ECE87C}.Release|Any CPU.Build.0 = Release|Any CPU
		{B132D0D9-2064-4460-9019-F4E6F8ECE87C}.Release|Any CPU.Deploy.0 = Release|Any CPU
		{B132D0D9-2064-4460-9019-F4E6F8ECE87C}.Release|ARM.ActiveCfg = Release|Any CPU
		{B132D0D9-2064-4460-9019-F4E6F8ECE87C}.Release|ARM.Build.0 = Release|Any CPU
		{B132D0D9-2064-4460-9019-F4E6F8ECE87C}.Release|ARM.Deploy.0 = Release|Any CPU
		{B132D0D9-2064-4460-9019-F4E6F8ECE87C}.Release|iPhone.ActiveCfg = Release|Any CPU
		{B132D0D9-2064-4460-9019-F4E6F8ECE87C}.Release|iPhone.Build.0 = Release|Any CPU
		{B132D0D9-2064-4460-9019-F4E6F8ECE87C}.Release|iPhone.Deploy.0 = Release|Any CPU
		{B132D0D9-2064-4460-9019-F4E6F8ECE87C}.Release|iPhoneSimulator.ActiveCfg = Release|Any CPU
		{B132D0D9-2064-4460-9019-F4E6F8ECE87C}.Release|iPhoneSimulator.Build.0 = Release|Any CPU
		{B132D0D9-2064-4460-9019-F4E6F8ECE87C}.Release|iPhoneSimulator.Deploy.0 = Release|Any CPU
		{B132D0D9-2064-4460-9019-F4E6F8ECE87C}.Release|x64.ActiveCfg = Release|Any CPU
		{B132D0D9-2064-4460-9019-F4E6F8ECE87C}.Release|x64.Build.0 = Release|Any CPU
		{B132D0D9-2064-4460-9019-F4E6F8ECE87C}.Release|x64.Deploy.0 = Release|Any CPU
		{B132D0D9-2064-4460-9019-F4E6F8ECE87C}.Release|x86.ActiveCfg = Release|Any CPU
		{B132D0D9-2064-4460-9019-F4E6F8ECE87C}.Release|x86.Build.0 = Release|Any CPU
		{B132D0D9-2064-4460-9019-F4E6F8ECE87C}.Release|x86.Deploy.0 = Release|Any CPU
		{05AB529E-87C4-4FAC-AD26-7F6208897153}.Debug|Any CPU.ActiveCfg = Debug|Any CPU
		{05AB529E-87C4-4FAC-AD26-7F6208897153}.Debug|Any CPU.Build.0 = Debug|Any CPU
		{05AB529E-87C4-4FAC-AD26-7F6208897153}.Debug|ARM.ActiveCfg = Debug|Any CPU
		{05AB529E-87C4-4FAC-AD26-7F6208897153}.Debug|ARM.Build.0 = Debug|Any CPU
		{05AB529E-87C4-4FAC-AD26-7F6208897153}.Debug|iPhone.ActiveCfg = Debug|Any CPU
		{05AB529E-87C4-4FAC-AD26-7F6208897153}.Debug|iPhone.Build.0 = Debug|Any CPU
		{05AB529E-87C4-4FAC-AD26-7F6208897153}.Debug|iPhoneSimulator.ActiveCfg = Debug|Any CPU
		{05AB529E-87C4-4FAC-AD26-7F6208897153}.Debug|iPhoneSimulator.Build.0 = Debug|Any CPU
		{05AB529E-87C4-4FAC-AD26-7F6208897153}.Debug|x64.ActiveCfg = Debug|Any CPU
		{05AB529E-87C4-4FAC-AD26-7F6208897153}.Debug|x64.Build.0 = Debug|Any CPU
		{05AB529E-87C4-4FAC-AD26-7F6208897153}.Debug|x86.ActiveCfg = Debug|Any CPU
		{05AB529E-87C4-4FAC-AD26-7F6208897153}.Debug|x86.Build.0 = Debug|Any CPU
		{05AB529E-87C4-4FAC-AD26-7F6208897153}.Release|Any CPU.ActiveCfg = Release|Any CPU
		{05AB529E-87C4-4FAC-AD26-7F6208897153}.Release|Any CPU.Build.0 = Release|Any CPU
		{05AB529E-87C4-4FAC-AD26-7F6208897153}.Release|ARM.ActiveCfg = Release|Any CPU
		{05AB529E-87C4-4FAC-AD26-7F6208897153}.Release|ARM.Build.0 = Release|Any CPU
		{05AB529E-87C4-4FAC-AD26-7F6208897153}.Release|iPhone.ActiveCfg = Release|Any CPU
		{05AB529E-87C4-4FAC-AD26-7F6208897153}.Release|iPhone.Build.0 = Release|Any CPU
		{05AB529E-87C4-4FAC-AD26-7F6208897153}.Release|iPhoneSimulator.ActiveCfg = Release|Any CPU
		{05AB529E-87C4-4FAC-AD26-7F6208897153}.Release|iPhoneSimulator.Build.0 = Release|Any CPU
		{05AB529E-87C4-4FAC-AD26-7F6208897153}.Release|x64.ActiveCfg = Release|Any CPU
		{05AB529E-87C4-4FAC-AD26-7F6208897153}.Release|x64.Build.0 = Release|Any CPU
		{05AB529E-87C4-4FAC-AD26-7F6208897153}.Release|x86.ActiveCfg = Release|Any CPU
		{05AB529E-87C4-4FAC-AD26-7F6208897153}.Release|x86.Build.0 = Release|Any CPU
	EndGlobalSection
	GlobalSection(SolutionProperties) = preSolution
		HideSolutionNode = FALSE
	EndGlobalSection
	GlobalSection(ExtensibilityGlobals) = postSolution
		SolutionGuid = {5B66700A-7F2C-44D8-AA21-92B2E9F1C97F}
	EndGlobalSection
EndGlobal
