
Microsoft Visual Studio Solution File, Format Version 12.00
# Visual Studio Version 17
VisualStudioVersion = 17.4.32804.182
MinimumVisualStudioVersion = 10.0.40219.1
Project("{FAE04EC0-301F-11D3-BF4B-00C04F79EFBC}") = "TeslaX.UWP", "TeslaX\TeslaX.UWP\TeslaX.UWP.csproj", "{08FB5553-C7A1-4405-99B3-F48D12A77253}"
EndProject
Project("{FAE04EC0-301F-11D3-BF4B-00C04F79EFBC}") = "TeslaX.Android", "TeslaX\TeslaX.Android\TeslaX.Android.csproj", "{4DB892AD-A902-4C13-8AC2-70F25E0D9AD1}"
EndProject
Project("{FAE04EC0-301F-11D3-BF4B-00C04F79EFBC}") = "TeslaX.iOS", "TeslaX\TeslaX.iOS\TeslaX.iOS.csproj", "{50147CF6-E051-4B14-9764-76549ADB922E}"
EndProject
Project("{9A19103F-16F7-4668-BE54-9A1E7A4F7556}") = "TeslaX", "TeslaX\TeslaX\TeslaX.csproj", "{9AB5C5FC-E1A9-4A09-ACF9-73DB6D9C313E}"
EndProject
Project("{9A19103F-16F7-4668-BE54-9A1E7A4F7556}") = "PanCardView", "TeslaX\PanCardView\PanCardView.csproj", "{DD1096F8-B12D-45CC-BF8A-C9B266BAD2BD}"
EndProject
Project("{9A19103F-16F7-4668-BE54-9A1E7A4F7556}") = "TeslaAuth", "TeslaX\TeslaAuth\TeslaAuth.csproj", "{A8E72A2F-F50F-45C6-A23A-9CA3E5CD8C59}"
EndProject
Global
	GlobalSection(SolutionConfigurationPlatforms) = preSolution
		Debug|Any CPU = Debug|Any CPU
		Debug|ARM = Debug|ARM
		Debug|iPhone = Debug|iPhone
		Debug|iPhoneSimulator = Debug|iPhoneSimulator
		Debug|x64 = Debug|x64
		Debug|x86 = Debug|x86
		Release|Any CPU = Release|Any CPU
		Release|ARM = Release|ARM
		Release|iPhone = Release|iPhone
		Release|iPhoneSimulator = Release|iPhoneSimulator
		Release|x64 = Release|x64
		Release|x86 = Release|x86
	EndGlobalSection
	GlobalSection(ProjectConfigurationPlatforms) = postSolution
		{08FB5553-C7A1-4405-99B3-F48D12A77253}.Debug|Any CPU.ActiveCfg = Debug|x64
		{08FB5553-C7A1-4405-99B3-F48D12A77253}.Debug|Any CPU.Build.0 = Debug|x64
		{08FB5553-C7A1-4405-99B3-F48D12A77253}.Debug|Any CPU.Deploy.0 = Debug|x64
		{08FB5553-C7A1-4405-99B3-F48D12A77253}.Debug|ARM.ActiveCfg = Debug|ARM
		{08FB5553-C7A1-4405-99B3-F48D12A77253}.Debug|ARM.Build.0 = Debug|ARM
		{08FB5553-C7A1-4405-99B3-F48D12A77253}.Debug|ARM.Deploy.0 = Debug|ARM
		{08FB5553-C7A1-4405-99B3-F48D12A77253}.Debug|iPhone.ActiveCfg = Debug|x64
		{08FB5553-C7A1-4405-99B3-F48D12A77253}.Debug|iPhone.Build.0 = Debug|x64
		{08FB5553-C7A1-4405-99B3-F48D12A77253}.Debug|iPhone.Deploy.0 = Debug|x64
		{08FB5553-C7A1-4405-99B3-F48D12A77253}.Debug|iPhoneSimulator.ActiveCfg = Debug|x64
		{08FB5553-C7A1-4405-99B3-F48D12A77253}.Debug|iPhoneSimulator.Build.0 = Debug|x64
		{08FB5553-C7A1-4405-99B3-F48D12A77253}.Debug|iPhoneSimulator.Deploy.0 = Debug|x64
		{08FB5553-C7A1-4405-99B3-F48D12A77253}.Debug|x64.ActiveCfg = Debug|x64
		{08FB5553-C7A1-4405-99B3-F48D12A77253}.Debug|x64.Build.0 = Debug|x64
		{08FB5553-C7A1-4405-99B3-F48D12A77253}.Debug|x64.Deploy.0 = Debug|x64
		{08FB5553-C7A1-4405-99B3-F48D12A77253}.Debug|x86.ActiveCfg = Debug|x86
		{08FB5553-C7A1-4405-99B3-F48D12A77253}.Debug|x86.Build.0 = Debug|x86
		{08FB5553-C7A1-4405-99B3-F48D12A77253}.Debug|x86.Deploy.0 = Debug|x86
		{08FB5553-C7A1-4405-99B3-F48D12A77253}.Release|Any CPU.ActiveCfg = Release|x64
		{08FB5553-C7A1-4405-99B3-F48D12A77253}.Release|Any CPU.Build.0 = Release|x64
		{08FB5553-C7A1-4405-99B3-F48D12A77253}.Release|Any CPU.Deploy.0 = Release|x64
		{08FB5553-C7A1-4405-99B3-F48D12A77253}.Release|ARM.ActiveCfg = Release|ARM
		{08FB5553-C7A1-4405-99B3-F48D12A77253}.Release|ARM.Build.0 = Release|ARM
		{08FB5553-C7A1-4405-99B3-F48D12A77253}.Release|ARM.Deploy.0 = Release|ARM
		{08FB5553-C7A1-4405-99B3-F48D12A77253}.Release|iPhone.ActiveCfg = Release|x64
		{08FB5553-C7A1-4405-99B3-F48D12A77253}.Release|iPhone.Build.0 = Release|x64
		{08FB5553-C7A1-4405-99B3-F48D12A77253}.Release|iPhone.Deploy.0 = Release|x64
		{08FB5553-C7A1-4405-99B3-F48D12A77253}.Release|iPhoneSimulator.ActiveCfg = Release|x64
		{08FB5553-C7A1-4405-99B3-F48D12A77253}.Release|iPhoneSimulator.Build.0 = Release|x64
		{08FB5553-C7A1-4405-99B3-F48D12A77253}.Release|iPhoneSimulator.Deploy.0 = Release|x64
		{08FB5553-C7A1-4405-99B3-F48D12A77253}.Release|x64.ActiveCfg = Release|x64
		{08FB5553-C7A1-4405-99B3-F48D12A77253}.Release|x64.Build.0 = Release|x64
		{08FB5553-C7A1-4405-99B3-F48D12A77253}.Release|x64.Deploy.0 = Release|x64
		{08FB5553-C7A1-4405-99B3-F48D12A77253}.Release|x86.ActiveCfg = Release|x86
		{08FB5553-C7A1-4405-99B3-F48D12A77253}.Release|x86.Build.0 = Release|x86
		{08FB5553-C7A1-4405-99B3-F48D12A77253}.Release|x86.Deploy.0 = Release|x86
		{4DB892AD-A902-4C13-8AC2-70F25E0D9AD1}.Debug|Any CPU.ActiveCfg = Debug|Any CPU
		{4DB892AD-A902-4C13-8AC2-70F25E0D9AD1}.Debug|Any CPU.Build.0 = Debug|Any CPU
		{4DB892AD-A902-4C13-8AC2-70F25E0D9AD1}.Debug|Any CPU.Deploy.0 = Debug|Any CPU
		{4DB892AD-A902-4C13-8AC2-70F25E0D9AD1}.Debug|ARM.ActiveCfg = Debug|Any CPU
		{4DB892AD-A902-4C13-8AC2-70F25E0D9AD1}.Debug|ARM.Build.0 = Debug|Any CPU
		{4DB892AD-A902-4C13-8AC2-70F25E0D9AD1}.Debug|ARM.Deploy.0 = Debug|Any CPU
		{4DB892AD-A902-4C13-8AC2-70F25E0D9AD1}.Debug|iPhone.ActiveCfg = Debug|Any CPU
		{4DB892AD-A902-4C13-8AC2-70F25E0D9AD1}.Debug|iPhone.Build.0 = Debug|Any CPU
		{4DB892AD-A902-4C13-8AC2-70F25E0D9AD1}.Debug|iPhone.Deploy.0 = Debug|Any CPU
		{4DB892AD-A902-4C13-8AC2-70F25E0D9AD1}.Debug|iPhoneSimulator.ActiveCfg = Debug|Any CPU
		{4DB892AD-A902-4C13-8AC2-70F25E0D9AD1}.Debug|iPhoneSimulator.Build.0 = Debug|Any CPU
		{4DB892AD-A902-4C13-8AC2-70F25E0D9AD1}.Debug|iPhoneSimulator.Deploy.0 = Debug|Any CPU
		{4DB892AD-A902-4C13-8AC2-70F25E0D9AD1}.Debug|x64.ActiveCfg = Debug|Any CPU
		{4DB892AD-A902-4C13-8AC2-70F25E0D9AD1}.Debug|x64.Build.0 = Debug|Any CPU
		{4DB892AD-A902-4C13-8AC2-70F25E0D9AD1}.Debug|x64.Deploy.0 = Debug|Any CPU
		{4DB892AD-A902-4C13-8AC2-70F25E0D9AD1}.Debug|x86.ActiveCfg = Debug|Any CPU
		{4DB892AD-A902-4C13-8AC2-70F25E0D9AD1}.Debug|x86.Build.0 = Debug|Any CPU
		{4DB892AD-A902-4C13-8AC2-70F25E0D9AD1}.Debug|x86.Deploy.0 = Debug|Any CPU
		{4DB892AD-A902-4C13-8AC2-70F25E0D9AD1}.Release|Any CPU.ActiveCfg = Release|Any CPU
		{4DB892AD-A902-4C13-8AC2-70F25E0D9AD1}.Release|Any CPU.Build.0 = Release|Any CPU
		{4DB892AD-A902-4C13-8AC2-70F25E0D9AD1}.Release|Any CPU.Deploy.0 = Release|Any CPU
		{4DB892AD-A902-4C13-8AC2-70F25E0D9AD1}.Release|ARM.ActiveCfg = Release|Any CPU
		{4DB892AD-A902-4C13-8AC2-70F25E0D9AD1}.Release|ARM.Build.0 = Release|Any CPU
		{4DB892AD-A902-4C13-8AC2-70F25E0D9AD1}.Release|ARM.Deploy.0 = Release|Any CPU
		{4DB892AD-A902-4C13-8AC2-70F25E0D9AD1}.Release|iPhone.ActiveCfg = Release|Any CPU
		{4DB892AD-A902-4C13-8AC2-70F25E0D9AD1}.Release|iPhone.Build.0 = Release|Any CPU
		{4DB892AD-A902-4C13-8AC2-70F25E0D9AD1}.Release|iPhone.Deploy.0 = Release|Any CPU
		{4DB892AD-A902-4C13-8AC2-70F25E0D9AD1}.Release|iPhoneSimulator.ActiveCfg = Release|Any CPU
		{4DB892AD-A902-4C13-8AC2-70F25E0D9AD1}.Release|iPhoneSimulator.Build.0 = Release|Any CPU
		{4DB892AD-A902-4C13-8AC2-70F25E0D9AD1}.Release|iPhoneSimulator.Deploy.0 = Release|Any CPU
		{4DB892AD-A902-4C13-8AC2-70F25E0D9AD1}.Release|x64.ActiveCfg = Release|Any CPU
		{4DB892AD-A902-4C13-8AC2-70F25E0D9AD1}.Release|x64.Build.0 = Release|Any CPU
		{4DB892AD-A902-4C13-8AC2-70F25E0D9AD1}.Release|x64.Deploy.0 = Release|Any CPU
		{4DB892AD-A902-4C13-8AC2-70F25E0D9AD1}.Release|x86.ActiveCfg = Release|Any CPU
		{4DB892AD-A902-4C13-8AC2-70F25E0D9AD1}.Release|x86.Build.0 = Release|Any CPU
		{4DB892AD-A902-4C13-8AC2-70F25E0D9AD1}.Release|x86.Deploy.0 = Release|Any CPU
		{50147CF6-E051-4B14-9764-76549ADB922E}.Debug|Any CPU.ActiveCfg = Debug|iPhoneSimulator
		{50147CF6-E051-4B14-9764-76549ADB922E}.Debug|Any CPU.Build.0 = Debug|iPhoneSimulator
		{50147CF6-E051-4B14-9764-76549ADB922E}.Debug|Any CPU.Deploy.0 = Debug|iPhoneSimulator
		{50147CF6-E051-4B14-9764-76549ADB922E}.Debug|ARM.ActiveCfg = Debug|iPhoneSimulator
		{50147CF6-E051-4B14-9764-76549ADB922E}.Debug|ARM.Build.0 = Debug|iPhoneSimulator
		{50147CF6-E051-4B14-9764-76549ADB922E}.Debug|ARM.Deploy.0 = Debug|iPhoneSimulator
		{50147CF6-E051-4B14-9764-76549ADB922E}.Debug|iPhone.ActiveCfg = Debug|iPhone
		{50147CF6-E051-4B14-9764-76549ADB922E}.Debug|iPhone.Build.0 = Debug|iPhone
		{50147CF6-E051-4B14-9764-76549ADB922E}.Debug|iPhone.Deploy.0 = Debug|iPhone
		{50147CF6-E051-4B14-9764-76549ADB922E}.Debug|iPhoneSimulator.ActiveCfg = Debug|iPhoneSimulator
		{50147CF6-E051-4B14-9764-76549ADB922E}.Debug|iPhoneSimulator.Build.0 = Debug|iPhoneSimulator
		{50147CF6-E051-4B14-9764-76549ADB922E}.Debug|iPhoneSimulator.Deploy.0 = Debug|iPhoneSimulator
		{50147CF6-E051-4B14-9764-76549ADB922E}.Debug|x64.ActiveCfg = Debug|iPhone
		{50147CF6-E051-4B14-9764-76549ADB922E}.Debug|x64.Build.0 = Debug|iPhone
		{50147CF6-E051-4B14-9764-76549ADB922E}.Debug|x64.Deploy.0 = Debug|iPhone
		{50147CF6-E051-4B14-9764-76549ADB922E}.Debug|x86.ActiveCfg = Debug|iPhoneSimulator
		{50147CF6-E051-4B14-9764-76549ADB922E}.Debug|x86.Build.0 = Debug|iPhoneSimulator
		{50147CF6-E051-4B14-9764-76549ADB922E}.Debug|x86.Deploy.0 = Debug|iPhoneSimulator
		{50147CF6-E051-4B14-9764-76549ADB922E}.Release|Any CPU.ActiveCfg = Release|iPhoneSimulator
		{50147CF6-E051-4B14-9764-76549ADB922E}.Release|Any CPU.Build.0 = Release|iPhoneSimulator
		{50147CF6-E051-4B14-9764-76549ADB922E}.Release|Any CPU.Deploy.0 = Release|iPhoneSimulator
		{50147CF6-E051-4B14-9764-76549ADB922E}.Release|ARM.ActiveCfg = Release|iPhoneSimulator
		{50147CF6-E051-4B14-9764-76549ADB922E}.Release|ARM.Build.0 = Release|iPhoneSimulator
		{50147CF6-E051-4B14-9764-76549ADB922E}.Release|ARM.Deploy.0 = Release|iPhoneSimulator
		{50147CF6-E051-4B14-9764-76549ADB922E}.Release|iPhone.ActiveCfg = Release|iPhone
		{50147CF6-E051-4B14-9764-76549ADB922E}.Release|iPhone.Build.0 = Release|iPhone
		{50147CF6-E051-4B14-9764-76549ADB922E}.Release|iPhone.Deploy.0 = Release|iPhone
		{50147CF6-E051-4B14-9764-76549ADB922E}.Release|iPhoneSimulator.ActiveCfg = Release|iPhoneSimulator
		{50147CF6-E051-4B14-9764-76549ADB922E}.Release|iPhoneSimulator.Build.0 = Release|iPhoneSimulator
		{50147CF6-E051-4B14-9764-76549ADB922E}.Release|iPhoneSimulator.Deploy.0 = Release|iPhoneSimulator
		{50147CF6-E051-4B14-9764-76549ADB922E}.Release|x64.ActiveCfg = Release|iPhoneSimulator
		{50147CF6-E051-4B14-9764-76549ADB922E}.Release|x64.Build.0 = Release|iPhoneSimulator
		{50147CF6-E051-4B14-9764-76549ADB922E}.Release|x64.Deploy.0 = Release|iPhoneSimulator
		{50147CF6-E051-4B14-9764-76549ADB922E}.Release|x86.ActiveCfg = Release|iPhoneSimulator
		{50147CF6-E051-4B14-9764-76549ADB922E}.Release|x86.Build.0 = Release|iPhoneSimulator
		{50147CF6-E051-4B14-9764-76549ADB922E}.Release|x86.Deploy.0 = Release|iPhoneSimulator
		{9AB5C5FC-E1A9-4A09-ACF9-73DB6D9C313E}.Debug|Any CPU.ActiveCfg = Debug|Any CPU
		{9AB5C5FC-E1A9-4A09-ACF9-73DB6D9C313E}.Debug|Any CPU.Build.0 = Debug|Any CPU
		{9AB5C5FC-E1A9-4A09-ACF9-73DB6D9C313E}.Debug|Any CPU.Deploy.0 = Debug|Any CPU
		{9AB5C5FC-E1A9-4A09-ACF9-73DB6D9C313E}.Debug|ARM.ActiveCfg = Debug|Any CPU
		{9AB5C5FC-E1A9-4A09-ACF9-73DB6D9C313E}.Debug|ARM.Build.0 = Debug|Any CPU
		{9AB5C5FC-E1A9-4A09-ACF9-73DB6D9C313E}.Debug|ARM.Deploy.0 = Debug|Any CPU
		{9AB5C5FC-E1A9-4A09-ACF9-73DB6D9C313E}.Debug|iPhone.ActiveCfg = Debug|Any CPU
		{9AB5C5FC-E1A9-4A09-ACF9-73DB6D9C313E}.Debug|iPhone.Build.0 = Debug|Any CPU
		{9AB5C5FC-E1A9-4A09-ACF9-73DB6D9C313E}.Debug|iPhone.Deploy.0 = Debug|Any CPU
		{9AB5C5FC-E1A9-4A09-ACF9-73DB6D9C313E}.Debug|iPhoneSimulator.ActiveCfg = Debug|Any CPU
		{9AB5C5FC-E1A9-4A09-ACF9-73DB6D9C313E}.Debug|iPhoneSimulator.Build.0 = Debug|Any CPU
		{9AB5C5FC-E1A9-4A09-ACF9-73DB6D9C313E}.Debug|iPhoneSimulator.Deploy.0 = Debug|Any CPU
		{9AB5C5FC-E1A9-4A09-ACF9-73DB6D9C313E}.Debug|x64.ActiveCfg = Debug|Any CPU
		{9AB5C5FC-E1A9-4A09-ACF9-73DB6D9C313E}.Debug|x64.Build.0 = Debug|Any CPU
		{9AB5C5FC-E1A9-4A09-ACF9-73DB6D9C313E}.Debug|x64.Deploy.0 = Debug|Any CPU
		{9AB5C5FC-E1A9-4A09-ACF9-73DB6D9C313E}.Debug|x86.ActiveCfg = Debug|Any CPU
		{9AB5C5FC-E1A9-4A09-ACF9-73DB6D9C313E}.Debug|x86.Build.0 = Debug|Any CPU
		{9AB5C5FC-E1A9-4A09-ACF9-73DB6D9C313E}.Debug|x86.Deploy.0 = Debug|Any CPU
		{9AB5C5FC-E1A9-4A09-ACF9-73DB6D9C313E}.Release|Any CPU.ActiveCfg = Release|Any CPU
		{9AB5C5FC-E1A9-4A09-ACF9-73DB6D9C313E}.Release|Any CPU.Build.0 = Release|Any CPU
		{9AB5C5FC-E1A9-4A09-ACF9-73DB6D9C313E}.Release|Any CPU.Deploy.0 = Release|Any CPU
		{9AB5C5FC-E1A9-4A09-ACF9-73DB6D9C313E}.Release|ARM.ActiveCfg = Release|Any CPU
		{9AB5C5FC-E1A9-4A09-ACF9-73DB6D9C313E}.Release|ARM.Build.0 = Release|Any CPU
		{9AB5C5FC-E1A9-4A09-ACF9-73DB6D9C313E}.Release|ARM.Deploy.0 = Release|Any CPU
		{9AB5C5FC-E1A9-4A09-ACF9-73DB6D9C313E}.Release|iPhone.ActiveCfg = Release|Any CPU
		{9AB5C5FC-E1A9-4A09-ACF9-73DB6D9C313E}.Release|iPhone.Build.0 = Release|Any CPU
		{9AB5C5FC-E1A9-4A09-ACF9-73DB6D9C313E}.Release|iPhone.Deploy.0 = Release|Any CPU
		{9AB5C5FC-E1A9-4A09-ACF9-73DB6D9C313E}.Release|iPhoneSimulator.ActiveCfg = Release|Any CPU
		{9AB5C5FC-E1A9-4A09-ACF9-73DB6D9C313E}.Release|iPhoneSimulator.Build.0 = Release|Any CPU
		{9AB5C5FC-E1A9-4A09-ACF9-73DB6D9C313E}.Release|iPhoneSimulator.Deploy.0 = Release|Any CPU
		{9AB5C5FC-E1A9-4A09-ACF9-73DB6D9C313E}.Release|x64.ActiveCfg = Release|Any CPU
		{9AB5C5FC-E1A9-4A09-ACF9-73DB6D9C313E}.Release|x64.Build.0 = Release|Any CPU
		{9AB5C5FC-E1A9-4A09-ACF9-73DB6D9C313E}.Release|x64.Deploy.0 = Release|Any CPU
		{9AB5C5FC-E1A9-4A09-ACF9-73DB6D9C313E}.Release|x86.ActiveCfg = Release|Any CPU
		{9AB5C5FC-E1A9-4A09-ACF9-73DB6D9C313E}.Release|x86.Build.0 = Release|Any CPU
		{9AB5C5FC-E1A9-4A09-ACF9-73DB6D9C313E}.Release|x86.Deploy.0 = Release|Any CPU
		{DD1096F8-B12D-45CC-BF8A-C9B266BAD2BD}.Debug|Any CPU.ActiveCfg = Debug|Any CPU
		{DD1096F8-B12D-45CC-BF8A-C9B266BAD2BD}.Debug|Any CPU.Build.0 = Debug|Any CPU
		{DD1096F8-B12D-45CC-BF8A-C9B266BAD2BD}.Debug|ARM.ActiveCfg = Debug|Any CPU
		{DD1096F8-B12D-45CC-BF8A-C9B266BAD2BD}.Debug|ARM.Build.0 = Debug|Any CPU
		{DD1096F8-B12D-45CC-BF8A-C9B266BAD2BD}.Debug|iPhone.ActiveCfg = Debug|Any CPU
		{DD1096F8-B12D-45CC-BF8A-C9B266BAD2BD}.Debug|iPhone.Build.0 = Debug|Any CPU
		{DD1096F8-B12D-45CC-BF8A-C9B266BAD2BD}.Debug|iPhoneSimulator.ActiveCfg = Debug|Any CPU
		{DD1096F8-B12D-45CC-BF8A-C9B266BAD2BD}.Debug|iPhoneSimulator.Build.0 = Debug|Any CPU
		{DD1096F8-B12D-45CC-BF8A-C9B266BAD2BD}.Debug|x64.ActiveCfg = Debug|Any CPU
		{DD1096F8-B12D-45CC-BF8A-C9B266BAD2BD}.Debug|x64.Build.0 = Debug|Any CPU
		{DD1096F8-B12D-45CC-BF8A-C9B266BAD2BD}.Debug|x86.ActiveCfg = Debug|Any CPU
		{DD1096F8-B12D-45CC-BF8A-C9B266BAD2BD}.Debug|x86.Build.0 = Debug|Any CPU
		{DD1096F8-B12D-45CC-BF8A-C9B266BAD2BD}.Release|Any CPU.ActiveCfg = Release|Any CPU
		{DD1096F8-B12D-45CC-BF8A-C9B266BAD2BD}.Release|Any CPU.Build.0 = Release|Any CPU
		{DD1096F8-B12D-45CC-BF8A-C9B266BAD2BD}.Release|ARM.ActiveCfg = Release|Any CPU
		{DD1096F8-B12D-45CC-BF8A-C9B266BAD2BD}.Release|ARM.Build.0 = Release|Any CPU
		{DD1096F8-B12D-45CC-BF8A-C9B266BAD2BD}.Release|iPhone.ActiveCfg = Release|Any CPU
		{DD1096F8-B12D-45CC-BF8A-C9B266BAD2BD}.Release|iPhone.Build.0 = Release|Any CPU
		{DD1096F8-B12D-45CC-BF8A-C9B266BAD2BD}.Release|iPhoneSimulator.ActiveCfg = Release|Any CPU
		{DD1096F8-B12D-45CC-BF8A-C9B266BAD2BD}.Release|iPhoneSimulator.Build.0 = Release|Any CPU
		{DD1096F8-B12D-45CC-BF8A-C9B266BAD2BD}.Release|x64.ActiveCfg = Release|Any CPU
		{DD1096F8-B12D-45CC-BF8A-C9B266BAD2BD}.Release|x64.Build.0 = Release|Any CPU
		{DD1096F8-B12D-45CC-BF8A-C9B266BAD2BD}.Release|x86.ActiveCfg = Release|Any CPU
		{DD1096F8-B12D-45CC-BF8A-C9B266BAD2BD}.Release|x86.Build.0 = Release|Any CPU
		{A8E72A2F-F50F-45C6-A23A-9CA3E5CD8C59}.Debug|Any CPU.ActiveCfg = Debug|Any CPU
		{A8E72A2F-F50F-45C6-A23A-9CA3E5CD8C59}.Debug|Any CPU.Build.0 = Debug|Any CPU
		{A8E72A2F-F50F-45C6-A23A-9CA3E5CD8C59}.Debug|ARM.ActiveCfg = Debug|Any CPU
		{A8E72A2F-F50F-45C6-A23A-9CA3E5CD8C59}.Debug|ARM.Build.0 = Debug|Any CPU
		{A8E72A2F-F50F-45C6-A23A-9CA3E5CD8C59}.Debug|iPhone.ActiveCfg = Debug|Any CPU
		{A8E72A2F-F50F-45C6-A23A-9CA3E5CD8C59}.Debug|iPhone.Build.0 = Debug|Any CPU
		{A8E72A2F-F50F-45C6-A23A-9CA3E5CD8C59}.Debug|iPhoneSimulator.ActiveCfg = Debug|Any CPU
		{A8E72A2F-F50F-45C6-A23A-9CA3E5CD8C59}.Debug|iPhoneSimulator.Build.0 = Debug|Any CPU
		{A8E72A2F-F50F-45C6-A23A-9CA3E5CD8C59}.Debug|x64.ActiveCfg = Debug|Any CPU
		{A8E72A2F-F50F-45C6-A23A-9CA3E5CD8C59}.Debug|x64.Build.0 = Debug|Any CPU
		{A8E72A2F-F50F-45C6-A23A-9CA3E5CD8C59}.Debug|x86.ActiveCfg = Debug|Any CPU
		{A8E72A2F-F50F-45C6-A23A-9CA3E5CD8C59}.Debug|x86.Build.0 = Debug|Any CPU
		{A8E72A2F-F50F-45C6-A23A-9CA3E5CD8C59}.Release|Any CPU.ActiveCfg = Release|Any CPU
		{A8E72A2F-F50F-45C6-A23A-9CA3E5CD8C59}.Release|Any CPU.Build.0 = Release|Any CPU
		{A8E72A2F-F50F-45C6-A23A-9CA3E5CD8C59}.Release|ARM.ActiveCfg = Release|Any CPU
		{A8E72A2F-F50F-45C6-A23A-9CA3E5CD8C59}.Release|ARM.Build.0 = Release|Any CPU
		{A8E72A2F-F50F-45C6-A23A-9CA3E5CD8C59}.Release|iPhone.ActiveCfg = Release|Any CPU
		{A8E72A2F-F50F-45C6-A23A-9CA3E5CD8C59}.Release|iPhone.Build.0 = Release|Any CPU
		{A8E72A2F-F50F-45C6-A23A-9CA3E5CD8C59}.Release|iPhoneSimulator.ActiveCfg = Release|Any CPU
		{A8E72A2F-F50F-45C6-A23A-9CA3E5CD8C59}.Release|iPhoneSimulator.Build.0 = Release|Any CPU
		{A8E72A2F-F50F-45C6-A23A-9CA3E5CD8C59}.Release|x64.ActiveCfg = Release|Any CPU
		{A8E72A2F-F50F-45C6-A23A-9CA3E5CD8C59}.Release|x64.Build.0 = Release|Any CPU
		{A8E72A2F-F50F-45C6-A23A-9CA3E5CD8C59}.Release|x86.ActiveCfg = Release|Any CPU
		{A8E72A2F-F50F-45C6-A23A-9CA3E5CD8C59}.Release|x86.Build.0 = Release|Any CPU
	EndGlobalSection
	GlobalSection(SolutionProperties) = preSolution
		HideSolutionNode = FALSE
	EndGlobalSection
	GlobalSection(ExtensibilityGlobals) = postSolution
		SolutionGuid = {A3BBC102-5B5B-4244-A497-0DEE041D8D90}
	EndGlobalSection
EndGlobal
